
Microsoft Visual Studio Solution File, Format Version 12.00
# Visual Studio 15
VisualStudioVersion = 15.0.28307.902
MinimumVisualStudioVersion = 10.0.40219.1
Project("{FAE04EC0-301F-11D3-BF4B-00C04F79EFBC}") = "LandingAssistant", "LandingAssistant\LandingAssistant.csproj", "{D9B74988-FE8C-471F-A35A-74852F1EF452}"
EndProject
Project("{FAE04EC0-301F-11D3-BF4B-00C04F79EFBC}") = "ShapeScanner", "ShapeScanner\ShapeScanner.csproj", "{5358FF9B-D0B3-4DFE-8F08-9B6943EDC5CD}"
EndProject
Project("{FAE04EC0-301F-11D3-BF4B-00C04F79EFBC}") = "TacticalManager", "TacticalManager\TacticalManager.csproj", "{C85850B5-4179-49A7-BB04-3D79F2190C15}"
EndProject
Project("{FAE04EC0-301F-11D3-BF4B-00C04F79EFBC}") = "[CUB3] Life Support Manager", "LifeSupportManagerMvc\[CUB3] Life Support Manager.csproj", "{566A6735-A01F-4096-8B60-7080B6B3AFFF}"
EndProject
Project("{FAE04EC0-301F-11D3-BF4B-00C04F79EFBC}") = "SurfaceDrawer", "SurfaceDrawer\SurfaceDrawer.csproj", "{632235B1-2FE9-4C97-A0B5-3DE65A87AB3E}"
EndProject
Project("{FAE04EC0-301F-11D3-BF4B-00C04F79EFBC}") = "[CUB3] Engineering Manager", "[CUB3] Engineering Manager\[CUB3] Engineering Manager.csproj", "{285233E2-6C3E-4D38-81C6-098803941012}"
EndProject
Project("{FAE04EC0-301F-11D3-BF4B-00C04F79EFBC}") = "[CUB3] Hangar Manager", "[CUB3] Hangar Manager\[CUB3] Hangar Manager.csproj", "{EE49F671-B1ED-4B3F-9F14-630DC4DE962B}"
EndProject
Global
	GlobalSection(SolutionConfigurationPlatforms) = preSolution
		Debug|x64 = Debug|x64
	EndGlobalSection
	GlobalSection(ProjectConfigurationPlatforms) = postSolution
		{D9B74988-FE8C-471F-A35A-74852F1EF452}.Debug|x64.ActiveCfg = Debug|x64
		{D9B74988-FE8C-471F-A35A-74852F1EF452}.Debug|x64.Build.0 = Debug|x64
		{5358FF9B-D0B3-4DFE-8F08-9B6943EDC5CD}.Debug|x64.ActiveCfg = Debug|x64
		{5358FF9B-D0B3-4DFE-8F08-9B6943EDC5CD}.Debug|x64.Build.0 = Debug|x64
		{C85850B5-4179-49A7-BB04-3D79F2190C15}.Debug|x64.ActiveCfg = Debug|x64
		{C85850B5-4179-49A7-BB04-3D79F2190C15}.Debug|x64.Build.0 = Debug|x64
		{566A6735-A01F-4096-8B60-7080B6B3AFFF}.Debug|x64.ActiveCfg = Debug|x64
		{566A6735-A01F-4096-8B60-7080B6B3AFFF}.Debug|x64.Build.0 = Debug|x64
		{632235B1-2FE9-4C97-A0B5-3DE65A87AB3E}.Debug|x64.ActiveCfg = Debug|x64
		{632235B1-2FE9-4C97-A0B5-3DE65A87AB3E}.Debug|x64.Build.0 = Debug|x64
		{285233E2-6C3E-4D38-81C6-098803941012}.Debug|x64.ActiveCfg = Debug|x64
		{285233E2-6C3E-4D38-81C6-098803941012}.Debug|x64.Build.0 = Debug|x64
		{EE49F671-B1ED-4B3F-9F14-630DC4DE962B}.Debug|x64.ActiveCfg = Debug|x64
		{EE49F671-B1ED-4B3F-9F14-630DC4DE962B}.Debug|x64.Build.0 = Debug|x64
	EndGlobalSection
	GlobalSection(SolutionProperties) = preSolution
		HideSolutionNode = FALSE
	EndGlobalSection
	GlobalSection(ExtensibilityGlobals) = postSolution
		SolutionGuid = {3288D7BC-48BF-47E2-803D-6BBB94153DA4}
	EndGlobalSection
EndGlobal
